
Microsoft Visual Studio Solution File, Format Version 12.00
# Visual Studio Version 17
VisualStudioVersion = 17.11.35431.28
MinimumVisualStudioVersion = 10.0.40219.1
Project("{FAE04EC0-301F-11D3-BF4B-00C04F79EFBC}") = "C#Tasks", "C#Tasks\C#Tasks.csproj", "{92270991-8644-4C42-A41A-32C0EAF8C216}"
EndProject
Global
	GlobalSection(SolutionConfigurationPlatforms) = preSolution
		Debug|Any CPU = Debug|Any CPU
		Release|Any CPU = Release|Any CPU
	EndGlobalSection
	GlobalSection(ProjectConfigurationPlatforms) = postSolution
		{92270991-8644-4C42-A41A-32C0EAF8C216}.Debug|Any CPU.ActiveCfg = Debug|Any CPU
		{92270991-8644-4C42-A41A-32C0EAF8C216}.Debug|Any CPU.Build.0 = Debug|Any CPU
		{92270991-8644-4C42-A41A-32C0EAF8C216}.Release|Any CPU.ActiveCfg = Release|Any CPU
		{92270991-8644-4C42-A41A-32C0EAF8C216}.Release|Any CPU.Build.0 = Release|Any CPU
	EndGlobalSection
	GlobalSection(SolutionProperties) = preSolution
		HideSolutionNode = FALSE
	EndGlobalSection
	GlobalSection(ExtensibilityGlobals) = postSolution
		SolutionGuid = {C9C8BCD9-A04A-4005-B4A9-B341C74ABE03}
	EndGlobalSection
EndGlobal
